{
  "version": "5",
  "specifiers": {
    "jsr:@std/cli@1": "1.0.25",
    "jsr:@std/collections@^1.1.3": "1.1.3",
    "jsr:@std/internal@^1.0.12": "1.0.12",
    "jsr:@std/path@1": "1.1.4",
    "jsr:@std/toml@1": "1.0.11",
    "npm:@rescript/core@1": "1.6.1_rescript@12.1.0"
  },
  "jsr": {
    "@std/cli@1.0.25": {
      "integrity": "1f85051b370c97a7a9dfc6ba626e7ed57a91bea8c081597276d1e78d929d8c91",
      "dependencies": [
        "jsr:@std/internal"
      ]
    },
    "@std/collections@1.1.3": {
      "integrity": "bf8b0818886df6a32b64c7d3b037a425111f28278d69fd0995aeb62777c986b0"
    },
    "@std/internal@1.0.12": {
      "integrity": "972a634fd5bc34b242024402972cd5143eac68d8dffaca5eaa4dba30ce17b027"
    },
    "@std/path@1.1.4": {
      "integrity": "1d2d43f39efb1b42f0b1882a25486647cb851481862dc7313390b2bb044314b5",
      "dependencies": [
        "jsr:@std/internal"
      ]
    },
    "@std/toml@1.0.11": {
      "integrity": "e084988b872ca4bad6aedfb7350f6eeed0e8ba88e9ee5e1590621c5b5bb8f715",
      "dependencies": [
        "jsr:@std/collections"
      ]
    }
  },
  "npm": {
    "@rescript/core@1.6.1_rescript@12.1.0": {
      "integrity": "sha512-vyb5k90ck+65Fgui+5vCja/mUfzKaK3kOPT4Z6aAJdHLH1eljEi1zKhXroCiCtpNLSWp8k4ulh1bdB5WS0hvqA==",
      "dependencies": [
        "rescript"
      ]
    },
    "@rescript/darwin-arm64@12.1.0": {
      "integrity": "sha512-OuJMT+2h2Lp60n8ONFx1oBAAePSVkM9zl7E/EX4VD2xkQoVTPklz0BpHYOICnFJSCOOdbOhbsTBXdLpo3yvllg==",
      "os": ["darwin"],
      "cpu": ["arm64"]
    },
    "@rescript/darwin-x64@12.1.0": {
      "integrity": "sha512-r5Iv4ga+LaNq+6g9LODwZG4bwydd9UDXACP/HKxOfrP9XQCITlF/XqB1ZDJWyJOgJLZSJCd7erlG38YtB0VZKA==",
      "os": ["darwin"],
      "cpu": ["x64"]
    },
    "@rescript/linux-arm64@12.1.0": {
      "integrity": "sha512-UTZv4GTjbyQ/T5LQDfQiGcumK3SzE1K7+ug6gWpDcGZ7ALc7hCS6BVEFL/LDs8iWVwAwkK/6r456s2zRnvS7wQ==",
      "os": ["linux"],
      "cpu": ["arm64"]
    },
    "@rescript/linux-x64@12.1.0": {
      "integrity": "sha512-c0PXuBL09JRSA4nQusYbR4mW5QJrBPqxDrqvIX+M79fk3d6jQmj5x4NsBwk5BavxvmbR/JU1JjYBlSAa3h22Vg==",
      "os": ["linux"],
      "cpu": ["x64"]
    },
    "@rescript/runtime@12.1.0": {
      "integrity": "sha512-bvr9RfvBD+JS/6foWCA4l2fLXmUXN0KGqylXQPHt09QxUghqgoCiaWVHaHSx5dOIk/jAPlGQ7zB5yVeMas/EFQ=="
    },
    "@rescript/win32-x64@12.1.0": {
      "integrity": "sha512-nQC42QByyAbryfkbyK67iskipUqXVwTPCFrqissY4jJoP0128gg0yG6DydJnV1stXphtFdMFHtmyYE1ffG7UBg==",
      "os": ["win32"],
      "cpu": ["x64"]
    },
    "rescript@12.1.0": {
      "integrity": "sha512-n/B43wzIEKV4OmlrWbrlQOL4zZaz0RM/Cc8PG2YvhQvQDW7nscHJliDq1AGeVwHoMX68MeaKKzLDOMOMU9Z6FA==",
      "dependencies": [
        "@rescript/runtime"
      ],
      "optionalDependencies": [
        "@rescript/darwin-arm64",
        "@rescript/darwin-x64",
        "@rescript/linux-arm64",
        "@rescript/linux-x64",
        "@rescript/win32-x64"
      ],
      "bin": true
    }
  },
  "workspace": {
    "dependencies": [
      "jsr:@std/cli@1",
      "jsr:@std/fs@1",
      "jsr:@std/path@1",
      "jsr:@std/toml@1",
      "npm:@rescript/core@1"
    ],
    "packageJson": {
      "dependencies": [
        "npm:@rescript/core@^1.6.1",
        "npm:rescript@^12.1.0"
      ]
    }
  }
}
